
Microsoft Visual Studio Solution File, Format Version 12.00
Project("{F2A71F9B-5D33-465A-A702-920D77279786}") = "FsharpOTELConsoleApp", "FsharpOTELConsoleApp\FsharpOTELConsoleApp.fsproj", "{D593D6CA-F94A-49B4-8E5E-0E2B810D326D}"
EndProject
Global
	GlobalSection(SolutionConfigurationPlatforms) = preSolution
		Debug|Any CPU = Debug|Any CPU
		Release|Any CPU = Release|Any CPU
	EndGlobalSection
	GlobalSection(ProjectConfigurationPlatforms) = postSolution
		{D593D6CA-F94A-49B4-8E5E-0E2B810D326D}.Debug|Any CPU.ActiveCfg = Debug|Any CPU
		{D593D6CA-F94A-49B4-8E5E-0E2B810D326D}.Debug|Any CPU.Build.0 = Debug|Any CPU
		{D593D6CA-F94A-49B4-8E5E-0E2B810D326D}.Release|Any CPU.ActiveCfg = Release|Any CPU
		{D593D6CA-F94A-49B4-8E5E-0E2B810D326D}.Release|Any CPU.Build.0 = Release|Any CPU
	EndGlobalSection
EndGlobal
