
Microsoft Visual Studio Solution File, Format Version 12.00
Project("{F2A71F9B-5D33-465A-A702-920D77279786}") = "FsharpOTELConsoleApp", "FsharpOTELConsoleApp\FsharpOTELConsoleApp.fsproj", "{2F78E42D-4616-4FB0-B1EA-8F43B3CEBFE3}"
EndProject
Global
	GlobalSection(SolutionConfigurationPlatforms) = preSolution
		Debug|Any CPU = Debug|Any CPU
		Release|Any CPU = Release|Any CPU
	EndGlobalSection
	GlobalSection(ProjectConfigurationPlatforms) = postSolution
		{2F78E42D-4616-4FB0-B1EA-8F43B3CEBFE3}.Debug|Any CPU.ActiveCfg = Debug|Any CPU
		{2F78E42D-4616-4FB0-B1EA-8F43B3CEBFE3}.Debug|Any CPU.Build.0 = Debug|Any CPU
		{2F78E42D-4616-4FB0-B1EA-8F43B3CEBFE3}.Release|Any CPU.ActiveCfg = Release|Any CPU
		{2F78E42D-4616-4FB0-B1EA-8F43B3CEBFE3}.Release|Any CPU.Build.0 = Release|Any CPU
	EndGlobalSection
EndGlobal
